{
    "_meta": {
        "hash": {
            "sha256": "89e723a44f0eea0bca2c1193682325f871d189f4b83fd7ec28d2224b6b5fdcf5"
        },
        "pipfile-spec": 6,
        "requires": {
            "python_version": "3.7"
        },
        "sources": [
            {
                "name": "pypi",
                "url": "https://pypi.org/simple",
                "verify_ssl": true
            }
        ]
    },
    "default": {
        "certifi": {
            "hashes": [
                "sha256:47f9c83ef4c0c621eaef743f133f09fa8a74a9b75f037e8624f83bd1b6626cb7",
                "sha256:993f830721089fef441cdfeb4b2c8c9df86f0c63239f06bd025a76a7daddb033"
            ],
            "version": "==2018.11.29"
        },
        "chardet": {
            "hashes": [
                "sha256:84ab92ed1c4d4f16916e05906b6b75a6c0fb5db821cc65e70cbd64a3e2a5eaae",
                "sha256:fc323ffcaeaed0e0a02bf4d117757b98aed530d9ed4531e3e15460124c106691"
            ],
            "version": "==3.0.4"
        },
        "idna": {
            "hashes": [
                "sha256:c357b3f628cf53ae2c4c05627ecc484553142ca23264e593d327bcde5e9c3407",
                "sha256:ea8b7f6188e6fa117537c3df7da9fc686d485087abf6ac197f9c46432f7e4a3c"
            ],
            "version": "==2.8"
        },
        "pprint": {
            "hashes": [
                "sha256:c0fa22d1462351671ca098e9779bb26a23880011e93eea5f199a150ee7b92a16"
            ],
            "index": "pypi",
            "version": "==0.1"
        },
        "requests": {
            "hashes": [
                "sha256:502a824f31acdacb3a35b6690b5fbf0bc41d63a24a45c4004352b0242707598e",
                "sha256:7bf2a778576d825600030a110f3c0e3e8edc51dfaafe1c146e39a2027784957b"
            ],
            "index": "pypi",
            "version": "==2.21.0"
        },
        "tornado": {
            "hashes": [
                "sha256:3f8db1394416371fb3a7a56062c77366cf10f8c4d81626df0135a2b2a7e26d2f",
                "sha256:434a2821caa09cf96ffccbfaf101b8c27c4f9eee8f9e5ba933c6c4dc4c7eabbe",
                "sha256:50e3fe9265938d36dd1744e395669555caf161ca5bf46c56d612866cbcda4869",
                "sha256:5e9565c293e904c5642752b2ae0cefe932cd201e82a81cd6ee3480b0448d0250",
                "sha256:981dfdac0308eca069447e4b4fbb029cc91627f58dd7a5f35a97d6245ab5824d",
                "sha256:d675dd93cdad3545e619ce609451a7f77851bd5c3f34c58a1e01f5fd119f40f9",
                "sha256:e90c5fa57a84b1cbd36c656a35a3dd07d130bcca8a2b5ee8cb0f16479bb6e4e3"
            ],
            "index": "pypi",
            "version": "==6.0"
        },
        "urllib3": {
            "hashes": [
                "sha256:61bf29cada3fc2fbefad4fdf059ea4bd1b4a86d2b6d15e1c7c0b582b9752fe39",
                "sha256:de9529817c93f27c8ccbfead6985011db27bd0ddfcdb2d86f3f663385c6a9c22"
            ],
            "version": "==1.24.1"
        }
    },
    "develop": {}
}
